// !$*UTF8*$!
{
	archiveVersion = 1;
	classes = {
	};
	objectVersion = 50;
	objects = {

/* Begin PBXBuildFile section */
		055456342092B7B600271D5D /* AppDelegate.m in Sources */ = {isa = PBXBuildFile; fileRef = 055456332092B7B600271D5D /* AppDelegate.m */; };
		055456372092B7B600271D5D /* ViewController.m in Sources */ = {isa = PBXBuildFile; fileRef = 055456362092B7B600271D5D /* ViewController.m */; };
		0554563A2092B7B600271D5D /* Main.storyboard in Resources */ = {isa = PBXBuildFile; fileRef = 055456382092B7B600271D5D /* Main.storyboard */; };
		0554563C2092B7B700271D5D /* Assets.xcassets in Resources */ = {isa = PBXBuildFile; fileRef = 0554563B2092B7B700271D5D /* Assets.xcassets */; };
		0554563F2092B7B700271D5D /* LaunchScreen.storyboard in Resources */ = {isa = PBXBuildFile; fileRef = 0554563D2092B7B700271D5D /* LaunchScreen.storyboard */; };
		055456422092B7B700271D5D /* main.m in Sources */ = {isa = PBXBuildFile; fileRef = 055456412092B7B700271D5D /* main.m */; };
		0554564A2092B7E200271D5D /* SecondViewController.m in Sources */ = {isa = PBXBuildFile; fileRef = 055456492092B7E200271D5D /* SecondViewController.m */; };
		0554564D2092BEE800271D5D /* TestViewController.m in Sources */ = {isa = PBXBuildFile; fileRef = 0554564C2092BEE800271D5D /* TestViewController.m */; };
/* End PBXBuildFile section */

/* Begin PBXFileReference section */
		0554562F2092B7B600271D5D /* NavigationBarTrasition.app */ = {isa = PBXFileReference; explicitFileType = wrapper.application; includeInIndex = 0; path = NavigationBarTrasition.app; sourceTree = BUILT_PRODUCTS_DIR; };
		055456322092B7B600271D5D /* AppDelegate.h */ = {isa = PBXFileReference; lastKnownFileType = sourcecode.c.h; path = AppDelegate.h; sourceTree = "<group>"; };
		055456332092B7B600271D5D /* AppDelegate.m */ = {isa = PBXFileReference; lastKnownFileType = sourcecode.c.objc; path = AppDelegate.m; sourceTree = "<group>"; };
		055456352092B7B600271D5D /* ViewController.h */ = {isa = PBXFileReference; lastKnownFileType = sourcecode.c.h; path = ViewController.h; sourceTree = "<group>"; };
		055456362092B7B600271D5D /* ViewController.m */ = {isa = PBXFileReference; lastKnownFileType = sourcecode.c.objc; path = ViewController.m; sourceTree = "<group>"; };
		055456392092B7B600271D5D /* Base */ = {isa = PBXFileReference; lastKnownFileType = file.storyboard; name = Base; path = Base.lproj/Main.storyboard; sourceTree = "<group>"; };
		0554563B2092B7B700271D5D /* Assets.xcassets */ = {isa = PBXFileReference; lastKnownFileType = folder.assetcatalog; path = Assets.xcassets; sourceTree = "<group>"; };
		0554563E2092B7B700271D5D /* Base */ = {isa = PBXFileReference; lastKnownFileType = file.storyboard; name = Base; path = Base.lproj/LaunchScreen.storyboard; sourceTree = "<group>"; };
		055456402092B7B700271D5D /* Info.plist */ = {isa = PBXFileReference; lastKnownFileType = text.plist.xml; path = Info.plist; sourceTree = "<group>"; };
		055456412092B7B700271D5D /* main.m */ = {isa = PBXFileReference; lastKnownFileType = sourcecode.c.objc; path = main.m; sourceTree = "<group>"; };
		055456482092B7E200271D5D /* SecondViewController.h */ = {isa = PBXFileReference; lastKnownFileType = sourcecode.c.h; path = SecondViewController.h; sourceTree = "<group>"; };
		055456492092B7E200271D5D /* SecondViewController.m */ = {isa = PBXFileReference; lastKnownFileType = sourcecode.c.objc; path = SecondViewController.m; sourceTree = "<group>"; };
		0554564B2092BEE800271D5D /* TestViewController.h */ = {isa = PBXFileReference; lastKnownFileType = sourcecode.c.h; path = TestViewController.h; sourceTree = "<group>"; };
		0554564C2092BEE800271D5D /* TestViewController.m */ = {isa = PBXFileReference; lastKnownFileType = sourcecode.c.objc; path = TestViewController.m; sourceTree = "<group>"; };
/* End PBXFileReference section */

/* Begin PBXFrameworksBuildPhase section */
		0554562C2092B7B600271D5D /* Frameworks */ = {
			isa = PBXFrameworksBuildPhase;
			buildActionMask = 2147483647;
			files = (
			);
			runOnlyForDeploymentPostprocessing = 0;
		};
/* End PBXFrameworksBuildPhase section */

/* Begin PBXGroup section */
		055456262092B7B600271D5D = {
			isa = PBXGroup;
			children = (
				055456312092B7B600271D5D /* NavigationBarTrasition */,
				055456302092B7B600271D5D /* Products */,
			);
			sourceTree = "<group>";
		};
		055456302092B7B600271D5D /* Products */ = {
			isa = PBXGroup;
			children = (
				0554562F2092B7B600271D5D /* NavigationBarTrasition.app */,
			);
			name = Products;
			sourceTree = "<group>";
		};
		055456312092B7B600271D5D /* NavigationBarTrasition */ = {
			isa = PBXGroup;
			children = (
				055456322092B7B600271D5D /* AppDelegate.h */,
				055456332092B7B600271D5D /* AppDelegate.m */,
				055456352092B7B600271D5D /* ViewController.h */,
				055456362092B7B600271D5D /* ViewController.m */,
				055456482092B7E200271D5D /* SecondViewController.h */,
				055456492092B7E200271D5D /* SecondViewController.m */,
				055456382092B7B600271D5D /* Main.storyboard */,
				0554563B2092B7B700271D5D /* Assets.xcassets */,
				0554563D2092B7B700271D5D /* LaunchScreen.storyboard */,
				055456402092B7B700271D5D /* Info.plist */,
				055456412092B7B700271D5D /* main.m */,
				0554564B2092BEE800271D5D /* TestViewController.h */,
				0554564C2092BEE800271D5D /* TestViewController.m */,
			);
			path = NavigationBarTrasition;
			sourceTree = "<group>";
		};
/* End PBXGroup section */

/* Begin PBXNativeTarget section */
		0554562E2092B7B600271D5D /* NavigationBarTrasition */ = {
			isa = PBXNativeTarget;
			buildConfigurationList = 055456452092B7B700271D5D /* Build configuration list for PBXNativeTarget "NavigationBarTrasition" */;
			buildPhases = (
				0554562B2092B7B600271D5D /* Sources */,
				0554562C2092B7B600271D5D /* Frameworks */,
				0554562D2092B7B600271D5D /* Resources */,
			);
			buildRules = (
			);
			dependencies = (
			);
			name = NavigationBarTrasition;
			productName = NavigationBarTrasition;
			productReference = 0554562F2092B7B600271D5D /* NavigationBarTrasition.app */;
			productType = "com.apple.product-type.application";
		};
/* End PBXNativeTarget section */

/* Begin PBXProject section */
		055456272092B7B600271D5D /* Project object */ = {
			isa = PBXProject;
			attributes = {
				LastUpgradeCheck = 0930;
				ORGANIZATIONNAME = "周畅";
				TargetAttributes = {
					0554562E2092B7B600271D5D = {
						CreatedOnToolsVersion = 9.3;
					};
				};
			};
			buildConfigurationList = 0554562A2092B7B600271D5D /* Build configuration list for PBXProject "NavigationBarTrasition" */;
			compatibilityVersion = "Xcode 9.3";
			developmentRegion = en;
			hasScannedForEncodings = 0;
			knownRegions = (
				en,
				Base,
			);
			mainGroup = 055456262092B7B600271D5D;
			productRefGroup = 055456302092B7B600271D5D /* Products */;
			projectDirPath = "";
			projectRoot = "";
			targets = (
				0554562E2092B7B600271D5D /* NavigationBarTrasition */,
			);
		};
/* End PBXProject section */

/* Begin PBXResourcesBuildPhase section */
		0554562D2092B7B600271D5D /* Resources */ = {
			isa = PBXResourcesBuildPhase;
			buildActionMask = 2147483647;
			files = (
				0554563F2092B7B700271D5D /* LaunchScreen.storyboard in Resources */,
				0554563C2092B7B700271D5D /* Assets.xcassets in Resources */,
				0554563A2092B7B600271D5D /* Main.storyboard in Resources */,
			);
			runOnlyForDeploymentPostprocessing = 0;
		};
/* End PBXResourcesBuildPhase section */

/* Begin PBXSourcesBuildPhase section */
		0554562B2092B7B600271D5D /* Sources */ = {
			isa = PBXSourcesBuildPhase;
			buildActionMask = 2147483647;
			files = (
				0554564A2092B7E200271D5D /* SecondViewController.m in Sources */,
				055456372092B7B600271D5D /* ViewController.m in Sources */,
				055456422092B7B700271D5D /* main.m in Sources */,
				055456342092B7B600271D5D /* AppDelegate.m in Sources */,
				0554564D2092BEE800271D5D /* TestViewController.m in Sources */,
			);
			runOnlyForDeploymentPostprocessing = 0;
		};
/* End PBXSourcesBuildPhase section */

/* Begin PBXVariantGroup section */
		055456382092B7B600271D5D /* Main.storyboard */ = {
			isa = PBXVariantGroup;
			children = (
				055456392092B7B600271D5D /* Base */,
			);
			name = Main.storyboard;
			sourceTree = "<group>";
		};
		0554563D2092B7B700271D5D /* LaunchScreen.storyboard */ = {
			isa = PBXVariantGroup;
			children = (
				0554563E2092B7B700271D5D /* Base */,
			);
			name = LaunchScreen.storyboard;
			sourceTree = "<group>";
		};
/* End PBXVariantGroup section */

/* Begin XCBuildConfiguration section */
		055456432092B7B700271D5D /* Debug */ = {
			isa = XCBuildConfiguration;
			buildSettings = {
				ALWAYS_SEARCH_USER_PATHS = NO;
				CLANG_ANALYZER_NONNULL = YES;
				CLANG_ANALYZER_NUMBER_OBJECT_CONVERSION = YES_AGGRESSIVE;
				CLANG_CXX_LANGUAGE_STANDARD = "gnu++14";
				CLANG_CXX_LIBRARY = "libc++";
				CLANG_ENABLE_MODULES = YES;
				CLANG_ENABLE_OBJC_ARC = YES;
				CLANG_ENABLE_OBJC_WEAK = YES;
				CLANG_WARN_BLOCK_CAPTURE_AUTORELEASING = YES;
				CLANG_WARN_BOOL_CONVERSION = YES;
				CLANG_WARN_COMMA = YES;
				CLANG_WARN_CONSTANT_CONVERSION = YES;
				CLANG_WARN_DEPRECATED_OBJC_IMPLEMENTATIONS = YES;
				CLANG_WARN_DIRECT_OBJC_ISA_USAGE = YES_ERROR;
				CLANG_WARN_DOCUMENTATION_COMMENTS = YES;
				CLANG_WARN_EMPTY_BODY = YES;
				CLANG_WARN_ENUM_CONVERSION = YES;
				CLANG_WARN_INFINITE_RECURSION = YES;
				CLANG_WARN_INT_CONVERSION = YES;
				CLANG_WARN_NON_LITERAL_NULL_CONVERSION = YES;
				CLANG_WARN_OBJC_IMPLICIT_RETAIN_SELF = YES;
				CLANG_WARN_OBJC_LITERAL_CONVERSION = YES;
				CLANG_WARN_OBJC_ROOT_CLASS = YES_ERROR;
				CLANG_WARN_RANGE_LOOP_ANALYSIS = YES;
				CLANG_WARN_STRICT_PROTOTYPES = YES;
				CLANG_WARN_SUSPICIOUS_MOVE = YES;
				CLANG_WARN_UNGUARDED_AVAILABILITY = YES_AGGRESSIVE;
				CLANG_WARN_UNREACHABLE_CODE = YES;
				CLANG_WARN__DUPLICATE_METHOD_MATCH = YES;
				CODE_SIGN_IDENTITY = "iPhone Developer";
				COPY_PHASE_STRIP = NO;
				DEBUG_INFORMATION_FORMAT = dwarf;
				ENABLE_STRICT_OBJC_MSGSEND = YES;
				ENABLE_TESTABILITY = YES;
				GCC_C_LANGUAGE_STANDARD = gnu11;
				GCC_DYNAMIC_NO_PIC = NO;
				GCC_NO_COMMON_BLOCKS = YES;
				GCC_OPTIMIZATION_LEVEL = 0;
				GCC_PREPROCESSOR_DEFINITIONS = (
					"DEBUG=1",
					"$(inherited)",
				);
				GCC_WARN_64_TO_32_BIT_CONVERSION = YES;
				GCC_WARN_ABOUT_RETURN_TYPE = YES_ERROR;
				GCC_WARN_UNDECLARED_SELECTOR = YES;
				GCC_WARN_UNINITIALIZED_AUTOS = YES_AGGRESSIVE;
				GCC_WARN_UNUSED_FUNCTION = YES;
				GCC_WARN_UNUSED_VARIABLE = YES;
				IPHONEOS_DEPLOYMENT_TARGET = 11.3;
				MTL_ENABLE_DEBUG_INFO = YES;
				ONLY_ACTIVE_ARCH = YES;
				SDKROOT = iphoneos;
			};
			name = Debug;
		};
		055456442092B7B700271D5D /* Release */ = {
			isa = XCBuildConfiguration;
			buildSettings = {
				ALWAYS_SEARCH_USER_PATHS = NO;
				CLANG_ANALYZER_NONNULL = YES;
				CLANG_ANALYZER_NUMBER_OBJECT_CONVERSION = YES_AGGRESSIVE;
				CLANG_CXX_LANGUAGE_STANDARD = "gnu++14";
				CLANG_CXX_LIBRARY = "libc++";
				CLANG_ENABLE_MODULES = YES;
				CLANG_ENABLE_OBJC_ARC = YES;
				CLANG_ENABLE_OBJC_WEAK = YES;
				CLANG_WARN_BLOCK_CAPTURE_AUTORELEASING = YES;
				CLANG_WARN_BOOL_CONVERSION = YES;
				CLANG_WARN_COMMA = YES;
				CLANG_WARN_CONSTANT_CONVERSION = YES;
				CLANG_WARN_DEPRECATED_OBJC_IMPLEMENTATIONS = YES;
				CLANG_WARN_DIRECT_OBJC_ISA_USAGE = YES_ERROR;
				CLANG_WARN_DOCUMENTATION_COMMENTS = YES;
				CLANG_WARN_EMPTY_BODY = YES;
				CLANG_WARN_ENUM_CONVERSION = YES;
				CLANG_WARN_INFINITE_RECURSION = YES;
				CLANG_WARN_INT_CONVERSION = YES;
				CLANG_WARN_NON_LITERAL_NULL_CONVERSION = YES;
				CLANG_WARN_OBJC_IMPLICIT_RETAIN_SELF = YES;
				CLANG_WARN_OBJC_LITERAL_CONVERSION = YES;
				CLANG_WARN_OBJC_ROOT_CLASS = YES_ERROR;
				CLANG_WARN_RANGE_LOOP_ANALYSIS = YES;
				CLANG_WARN_STRICT_PROTOTYPES = YES;
				CLANG_WARN_SUSPICIOUS_MOVE = YES;
				CLANG_WARN_UNGUARDED_AVAILABILITY = YES_AGGRESSIVE;
				CLANG_WARN_UNREACHABLE_CODE = YES;
				CLANG_WARN__DUPLICATE_METHOD_MATCH = YES;
				CODE_SIGN_IDENTITY = "iPhone Developer";
				COPY_PHASE_STRIP = NO;
				DEBUG_INFORMATION_FORMAT = "dwarf-with-dsym";
				ENABLE_NS_ASSERTIONS = NO;
				ENABLE_STRICT_OBJC_MSGSEND = YES;
				GCC_C_LANGUAGE_STANDARD = gnu11;
				GCC_NO_COMMON_BLOCKS = YES;
				GCC_WARN_64_TO_32_BIT_CONVERSION = YES;
				GCC_WARN_ABOUT_RETURN_TYPE = YES_ERROR;
				GCC_WARN_UNDECLARED_SELECTOR = YES;
				GCC_WARN_UNINITIALIZED_AUTOS = YES_AGGRESSIVE;
				GCC_WARN_UNUSED_FUNCTION = YES;
				GCC_WARN_UNUSED_VARIABLE = YES;
				IPHONEOS_DEPLOYMENT_TARGET = 11.3;
				MTL_ENABLE_DEBUG_INFO = NO;
				SDKROOT = iphoneos;
				VALIDATE_PRODUCT = YES;
			};
			name = Release;
		};
		055456462092B7B700271D5D /* Debug */ = {
			isa = XCBuildConfiguration;
			buildSettings = {
				ASSETCATALOG_COMPILER_APPICON_NAME = AppIcon;
				CODE_SIGN_STYLE = Automatic;
				DEVELOPMENT_TEAM = U69856FJR4;
				INFOPLIST_FILE = NavigationBarTrasition/Info.plist;
				LD_RUNPATH_SEARCH_PATHS = (
					"$(inherited)",
					"@executable_path/Frameworks",
				);
				PRODUCT_BUNDLE_IDENTIFIER = vae.NavigationBarTrasition;
				PRODUCT_NAME = "$(TARGET_NAME)";
				TARGETED_DEVICE_FAMILY = "1,2";
			};
			name = Debug;
		};
		055456472092B7B700271D5D /* Release */ = {
			isa = XCBuildConfiguration;
			buildSettings = {
				ASSETCATALOG_COMPILER_APPICON_NAME = AppIcon;
				CODE_SIGN_STYLE = Automatic;
				DEVELOPMENT_TEAM = U69856FJR4;
				INFOPLIST_FILE = NavigationBarTrasition/Info.plist;
				LD_RUNPATH_SEARCH_PATHS = (
					"$(inherited)",
					"@executable_path/Frameworks",
				);
				PRODUCT_BUNDLE_IDENTIFIER = vae.NavigationBarTrasition;
				PRODUCT_NAME = "$(TARGET_NAME)";
				TARGETED_DEVICE_FAMILY = "1,2";
			};
			name = Release;
		};
/* End XCBuildConfiguration section */

/* Begin XCConfigurationList section */
		0554562A2092B7B600271D5D /* Build configuration list for PBXProject "NavigationBarTrasition" */ = {
			isa = XCConfigurationList;
			buildConfigurations = (
				055456432092B7B700271D5D /* Debug */,
				055456442092B7B700271D5D /* Release */,
			);
			defaultConfigurationIsVisible = 0;
			defaultConfigurationName = Release;
		};
		055456452092B7B700271D5D /* Build configuration list for PBXNativeTarget "NavigationBarTrasition" */ = {
			isa = XCConfigurationList;
			buildConfigurations = (
				055456462092B7B700271D5D /* Debug */,
				055456472092B7B700271D5D /* Release */,
			);
			defaultConfigurationIsVisible = 0;
			defaultConfigurationName = Release;
		};
/* End XCConfigurationList section */
	};
	rootObject = 055456272092B7B600271D5D /* Project object */;
}
