// !$*UTF8*$!
{
	archiveVersion = 1;
	classes = {
	};
	objectVersion = 50;
	objects = {

/* Begin PBXBuildFile section */
		0512E54E20A54E3A00CB4D50 /* AppDelegate.m in Sources */ = {isa = PBXBuildFile; fileRef = 0512E54D20A54E3A00CB4D50 /* AppDelegate.m */; };
		0512E55420A54E3A00CB4D50 /* Main.storyboard in Resources */ = {isa = PBXBuildFile; fileRef = 0512E55220A54E3A00CB4D50 /* Main.storyboard */; };
		0512E55620A54E3B00CB4D50 /* Assets.xcassets in Resources */ = {isa = PBXBuildFile; fileRef = 0512E55520A54E3B00CB4D50 /* Assets.xcassets */; };
		0512E55920A54E3B00CB4D50 /* LaunchScreen.storyboard in Resources */ = {isa = PBXBuildFile; fileRef = 0512E55720A54E3B00CB4D50 /* LaunchScreen.storyboard */; };
		0512E55C20A54E3B00CB4D50 /* main.m in Sources */ = {isa = PBXBuildFile; fileRef = 0512E55B20A54E3B00CB4D50 /* main.m */; };
		05A5D17020A57CC000F4A8D5 /* TableViewController.m in Sources */ = {isa = PBXBuildFile; fileRef = 05A5D16F20A57CC000F4A8D5 /* TableViewController.m */; };
		05A5D17320A5889700F4A8D5 /* UITableViewController+structs.m in Sources */ = {isa = PBXBuildFile; fileRef = 05A5D17220A5889700F4A8D5 /* UITableViewController+structs.m */; };
/* End PBXBuildFile section */

/* Begin PBXFileReference section */
		0512E54920A54E3A00CB4D50 /* Runtime.app */ = {isa = PBXFileReference; explicitFileType = wrapper.application; includeInIndex = 0; path = Runtime.app; sourceTree = BUILT_PRODUCTS_DIR; };
		0512E54C20A54E3A00CB4D50 /* AppDelegate.h */ = {isa = PBXFileReference; lastKnownFileType = sourcecode.c.h; path = AppDelegate.h; sourceTree = "<group>"; };
		0512E54D20A54E3A00CB4D50 /* AppDelegate.m */ = {isa = PBXFileReference; lastKnownFileType = sourcecode.c.objc; path = AppDelegate.m; sourceTree = "<group>"; };
		0512E55320A54E3A00CB4D50 /* Base */ = {isa = PBXFileReference; lastKnownFileType = file.storyboard; name = Base; path = Base.lproj/Main.storyboard; sourceTree = "<group>"; };
		0512E55520A54E3B00CB4D50 /* Assets.xcassets */ = {isa = PBXFileReference; lastKnownFileType = folder.assetcatalog; path = Assets.xcassets; sourceTree = "<group>"; };
		0512E55820A54E3B00CB4D50 /* Base */ = {isa = PBXFileReference; lastKnownFileType = file.storyboard; name = Base; path = Base.lproj/LaunchScreen.storyboard; sourceTree = "<group>"; };
		0512E55A20A54E3B00CB4D50 /* Info.plist */ = {isa = PBXFileReference; lastKnownFileType = text.plist.xml; path = Info.plist; sourceTree = "<group>"; };
		0512E55B20A54E3B00CB4D50 /* main.m */ = {isa = PBXFileReference; lastKnownFileType = sourcecode.c.objc; path = main.m; sourceTree = "<group>"; };
		05A5D16E20A57CC000F4A8D5 /* TableViewController.h */ = {isa = PBXFileReference; lastKnownFileType = sourcecode.c.h; path = TableViewController.h; sourceTree = "<group>"; };
		05A5D16F20A57CC000F4A8D5 /* TableViewController.m */ = {isa = PBXFileReference; lastKnownFileType = sourcecode.c.objc; path = TableViewController.m; sourceTree = "<group>"; };
		05A5D17120A5889700F4A8D5 /* UITableViewController+structs.h */ = {isa = PBXFileReference; lastKnownFileType = sourcecode.c.h; path = "UITableViewController+structs.h"; sourceTree = "<group>"; };
		05A5D17220A5889700F4A8D5 /* UITableViewController+structs.m */ = {isa = PBXFileReference; lastKnownFileType = sourcecode.c.objc; path = "UITableViewController+structs.m"; sourceTree = "<group>"; };
/* End PBXFileReference section */

/* Begin PBXFrameworksBuildPhase section */
		0512E54620A54E3A00CB4D50 /* Frameworks */ = {
			isa = PBXFrameworksBuildPhase;
			buildActionMask = 2147483647;
			files = (
			);
			runOnlyForDeploymentPostprocessing = 0;
		};
/* End PBXFrameworksBuildPhase section */

/* Begin PBXGroup section */
		0512E54020A54E3A00CB4D50 = {
			isa = PBXGroup;
			children = (
				0512E54B20A54E3A00CB4D50 /* Runtime */,
				0512E54A20A54E3A00CB4D50 /* Products */,
			);
			sourceTree = "<group>";
		};
		0512E54A20A54E3A00CB4D50 /* Products */ = {
			isa = PBXGroup;
			children = (
				0512E54920A54E3A00CB4D50 /* Runtime.app */,
			);
			name = Products;
			sourceTree = "<group>";
		};
		0512E54B20A54E3A00CB4D50 /* Runtime */ = {
			isa = PBXGroup;
			children = (
				0512E54C20A54E3A00CB4D50 /* AppDelegate.h */,
				0512E54D20A54E3A00CB4D50 /* AppDelegate.m */,
				05A5D16E20A57CC000F4A8D5 /* TableViewController.h */,
				05A5D16F20A57CC000F4A8D5 /* TableViewController.m */,
				0512E55220A54E3A00CB4D50 /* Main.storyboard */,
				0512E55520A54E3B00CB4D50 /* Assets.xcassets */,
				0512E55720A54E3B00CB4D50 /* LaunchScreen.storyboard */,
				0512E55A20A54E3B00CB4D50 /* Info.plist */,
				0512E55B20A54E3B00CB4D50 /* main.m */,
				05A5D17120A5889700F4A8D5 /* UITableViewController+structs.h */,
				05A5D17220A5889700F4A8D5 /* UITableViewController+structs.m */,
			);
			path = Runtime;
			sourceTree = "<group>";
		};
/* End PBXGroup section */

/* Begin PBXNativeTarget section */
		0512E54820A54E3A00CB4D50 /* Runtime */ = {
			isa = PBXNativeTarget;
			buildConfigurationList = 0512E55F20A54E3B00CB4D50 /* Build configuration list for PBXNativeTarget "Runtime" */;
			buildPhases = (
				0512E54520A54E3A00CB4D50 /* Sources */,
				0512E54620A54E3A00CB4D50 /* Frameworks */,
				0512E54720A54E3A00CB4D50 /* Resources */,
			);
			buildRules = (
			);
			dependencies = (
			);
			name = Runtime;
			productName = Runtime;
			productReference = 0512E54920A54E3A00CB4D50 /* Runtime.app */;
			productType = "com.apple.product-type.application";
		};
/* End PBXNativeTarget section */

/* Begin PBXProject section */
		0512E54120A54E3A00CB4D50 /* Project object */ = {
			isa = PBXProject;
			attributes = {
				LastUpgradeCheck = 0930;
				ORGANIZATIONNAME = "周畅";
				TargetAttributes = {
					0512E54820A54E3A00CB4D50 = {
						CreatedOnToolsVersion = 9.3;
					};
				};
			};
			buildConfigurationList = 0512E54420A54E3A00CB4D50 /* Build configuration list for PBXProject "Runtime" */;
			compatibilityVersion = "Xcode 9.3";
			developmentRegion = en;
			hasScannedForEncodings = 0;
			knownRegions = (
				en,
				Base,
			);
			mainGroup = 0512E54020A54E3A00CB4D50;
			productRefGroup = 0512E54A20A54E3A00CB4D50 /* Products */;
			projectDirPath = "";
			projectRoot = "";
			targets = (
				0512E54820A54E3A00CB4D50 /* Runtime */,
			);
		};
/* End PBXProject section */

/* Begin PBXResourcesBuildPhase section */
		0512E54720A54E3A00CB4D50 /* Resources */ = {
			isa = PBXResourcesBuildPhase;
			buildActionMask = 2147483647;
			files = (
				0512E55920A54E3B00CB4D50 /* LaunchScreen.storyboard in Resources */,
				0512E55620A54E3B00CB4D50 /* Assets.xcassets in Resources */,
				0512E55420A54E3A00CB4D50 /* Main.storyboard in Resources */,
			);
			runOnlyForDeploymentPostprocessing = 0;
		};
/* End PBXResourcesBuildPhase section */

/* Begin PBXSourcesBuildPhase section */
		0512E54520A54E3A00CB4D50 /* Sources */ = {
			isa = PBXSourcesBuildPhase;
			buildActionMask = 2147483647;
			files = (
				0512E55C20A54E3B00CB4D50 /* main.m in Sources */,
				0512E54E20A54E3A00CB4D50 /* AppDelegate.m in Sources */,
				05A5D17320A5889700F4A8D5 /* UITableViewController+structs.m in Sources */,
				05A5D17020A57CC000F4A8D5 /* TableViewController.m in Sources */,
			);
			runOnlyForDeploymentPostprocessing = 0;
		};
/* End PBXSourcesBuildPhase section */

/* Begin PBXVariantGroup section */
		0512E55220A54E3A00CB4D50 /* Main.storyboard */ = {
			isa = PBXVariantGroup;
			children = (
				0512E55320A54E3A00CB4D50 /* Base */,
			);
			name = Main.storyboard;
			sourceTree = "<group>";
		};
		0512E55720A54E3B00CB4D50 /* LaunchScreen.storyboard */ = {
			isa = PBXVariantGroup;
			children = (
				0512E55820A54E3B00CB4D50 /* Base */,
			);
			name = LaunchScreen.storyboard;
			sourceTree = "<group>";
		};
/* End PBXVariantGroup section */

/* Begin XCBuildConfiguration section */
		0512E55D20A54E3B00CB4D50 /* Debug */ = {
			isa = XCBuildConfiguration;
			buildSettings = {
				ALWAYS_SEARCH_USER_PATHS = NO;
				CLANG_ANALYZER_NONNULL = YES;
				CLANG_ANALYZER_NUMBER_OBJECT_CONVERSION = YES_AGGRESSIVE;
				CLANG_CXX_LANGUAGE_STANDARD = "gnu++14";
				CLANG_CXX_LIBRARY = "libc++";
				CLANG_ENABLE_MODULES = YES;
				CLANG_ENABLE_OBJC_ARC = YES;
				CLANG_ENABLE_OBJC_WEAK = YES;
				CLANG_WARN_BLOCK_CAPTURE_AUTORELEASING = YES;
				CLANG_WARN_BOOL_CONVERSION = YES;
				CLANG_WARN_COMMA = YES;
				CLANG_WARN_CONSTANT_CONVERSION = YES;
				CLANG_WARN_DEPRECATED_OBJC_IMPLEMENTATIONS = YES;
				CLANG_WARN_DIRECT_OBJC_ISA_USAGE = YES_ERROR;
				CLANG_WARN_DOCUMENTATION_COMMENTS = YES;
				CLANG_WARN_EMPTY_BODY = YES;
				CLANG_WARN_ENUM_CONVERSION = YES;
				CLANG_WARN_INFINITE_RECURSION = YES;
				CLANG_WARN_INT_CONVERSION = YES;
				CLANG_WARN_NON_LITERAL_NULL_CONVERSION = YES;
				CLANG_WARN_OBJC_IMPLICIT_RETAIN_SELF = YES;
				CLANG_WARN_OBJC_LITERAL_CONVERSION = YES;
				CLANG_WARN_OBJC_ROOT_CLASS = YES_ERROR;
				CLANG_WARN_RANGE_LOOP_ANALYSIS = YES;
				CLANG_WARN_STRICT_PROTOTYPES = YES;
				CLANG_WARN_SUSPICIOUS_MOVE = YES;
				CLANG_WARN_UNGUARDED_AVAILABILITY = YES_AGGRESSIVE;
				CLANG_WARN_UNREACHABLE_CODE = YES;
				CLANG_WARN__DUPLICATE_METHOD_MATCH = YES;
				CODE_SIGN_IDENTITY = "iPhone Developer";
				COPY_PHASE_STRIP = NO;
				DEBUG_INFORMATION_FORMAT = dwarf;
				ENABLE_STRICT_OBJC_MSGSEND = YES;
				ENABLE_TESTABILITY = YES;
				GCC_C_LANGUAGE_STANDARD = gnu11;
				GCC_DYNAMIC_NO_PIC = NO;
				GCC_NO_COMMON_BLOCKS = YES;
				GCC_OPTIMIZATION_LEVEL = 0;
				GCC_PREPROCESSOR_DEFINITIONS = (
					"DEBUG=1",
					"$(inherited)",
				);
				GCC_WARN_64_TO_32_BIT_CONVERSION = YES;
				GCC_WARN_ABOUT_RETURN_TYPE = YES_ERROR;
				GCC_WARN_UNDECLARED_SELECTOR = YES;
				GCC_WARN_UNINITIALIZED_AUTOS = YES_AGGRESSIVE;
				GCC_WARN_UNUSED_FUNCTION = YES;
				GCC_WARN_UNUSED_VARIABLE = YES;
				IPHONEOS_DEPLOYMENT_TARGET = 11.3;
				MTL_ENABLE_DEBUG_INFO = YES;
				ONLY_ACTIVE_ARCH = YES;
				SDKROOT = iphoneos;
			};
			name = Debug;
		};
		0512E55E20A54E3B00CB4D50 /* Release */ = {
			isa = XCBuildConfiguration;
			buildSettings = {
				ALWAYS_SEARCH_USER_PATHS = NO;
				CLANG_ANALYZER_NONNULL = YES;
				CLANG_ANALYZER_NUMBER_OBJECT_CONVERSION = YES_AGGRESSIVE;
				CLANG_CXX_LANGUAGE_STANDARD = "gnu++14";
				CLANG_CXX_LIBRARY = "libc++";
				CLANG_ENABLE_MODULES = YES;
				CLANG_ENABLE_OBJC_ARC = YES;
				CLANG_ENABLE_OBJC_WEAK = YES;
				CLANG_WARN_BLOCK_CAPTURE_AUTORELEASING = YES;
				CLANG_WARN_BOOL_CONVERSION = YES;
				CLANG_WARN_COMMA = YES;
				CLANG_WARN_CONSTANT_CONVERSION = YES;
				CLANG_WARN_DEPRECATED_OBJC_IMPLEMENTATIONS = YES;
				CLANG_WARN_DIRECT_OBJC_ISA_USAGE = YES_ERROR;
				CLANG_WARN_DOCUMENTATION_COMMENTS = YES;
				CLANG_WARN_EMPTY_BODY = YES;
				CLANG_WARN_ENUM_CONVERSION = YES;
				CLANG_WARN_INFINITE_RECURSION = YES;
				CLANG_WARN_INT_CONVERSION = YES;
				CLANG_WARN_NON_LITERAL_NULL_CONVERSION = YES;
				CLANG_WARN_OBJC_IMPLICIT_RETAIN_SELF = YES;
				CLANG_WARN_OBJC_LITERAL_CONVERSION = YES;
				CLANG_WARN_OBJC_ROOT_CLASS = YES_ERROR;
				CLANG_WARN_RANGE_LOOP_ANALYSIS = YES;
				CLANG_WARN_STRICT_PROTOTYPES = YES;
				CLANG_WARN_SUSPICIOUS_MOVE = YES;
				CLANG_WARN_UNGUARDED_AVAILABILITY = YES_AGGRESSIVE;
				CLANG_WARN_UNREACHABLE_CODE = YES;
				CLANG_WARN__DUPLICATE_METHOD_MATCH = YES;
				CODE_SIGN_IDENTITY = "iPhone Developer";
				COPY_PHASE_STRIP = NO;
				DEBUG_INFORMATION_FORMAT = "dwarf-with-dsym";
				ENABLE_NS_ASSERTIONS = NO;
				ENABLE_STRICT_OBJC_MSGSEND = YES;
				GCC_C_LANGUAGE_STANDARD = gnu11;
				GCC_NO_COMMON_BLOCKS = YES;
				GCC_WARN_64_TO_32_BIT_CONVERSION = YES;
				GCC_WARN_ABOUT_RETURN_TYPE = YES_ERROR;
				GCC_WARN_UNDECLARED_SELECTOR = YES;
				GCC_WARN_UNINITIALIZED_AUTOS = YES_AGGRESSIVE;
				GCC_WARN_UNUSED_FUNCTION = YES;
				GCC_WARN_UNUSED_VARIABLE = YES;
				IPHONEOS_DEPLOYMENT_TARGET = 11.3;
				MTL_ENABLE_DEBUG_INFO = NO;
				SDKROOT = iphoneos;
				VALIDATE_PRODUCT = YES;
			};
			name = Release;
		};
		0512E56020A54E3B00CB4D50 /* Debug */ = {
			isa = XCBuildConfiguration;
			buildSettings = {
				ASSETCATALOG_COMPILER_APPICON_NAME = AppIcon;
				CODE_SIGN_STYLE = Automatic;
				DEVELOPMENT_TEAM = U69856FJR4;
				INFOPLIST_FILE = Runtime/Info.plist;
				LD_RUNPATH_SEARCH_PATHS = (
					"$(inherited)",
					"@executable_path/Frameworks",
				);
				PRODUCT_BUNDLE_IDENTIFIER = vae.Runtime;
				PRODUCT_NAME = "$(TARGET_NAME)";
				TARGETED_DEVICE_FAMILY = "1,2";
			};
			name = Debug;
		};
		0512E56120A54E3B00CB4D50 /* Release */ = {
			isa = XCBuildConfiguration;
			buildSettings = {
				ASSETCATALOG_COMPILER_APPICON_NAME = AppIcon;
				CODE_SIGN_STYLE = Automatic;
				DEVELOPMENT_TEAM = U69856FJR4;
				INFOPLIST_FILE = Runtime/Info.plist;
				LD_RUNPATH_SEARCH_PATHS = (
					"$(inherited)",
					"@executable_path/Frameworks",
				);
				PRODUCT_BUNDLE_IDENTIFIER = vae.Runtime;
				PRODUCT_NAME = "$(TARGET_NAME)";
				TARGETED_DEVICE_FAMILY = "1,2";
			};
			name = Release;
		};
/* End XCBuildConfiguration section */

/* Begin XCConfigurationList section */
		0512E54420A54E3A00CB4D50 /* Build configuration list for PBXProject "Runtime" */ = {
			isa = XCConfigurationList;
			buildConfigurations = (
				0512E55D20A54E3B00CB4D50 /* Debug */,
				0512E55E20A54E3B00CB4D50 /* Release */,
			);
			defaultConfigurationIsVisible = 0;
			defaultConfigurationName = Release;
		};
		0512E55F20A54E3B00CB4D50 /* Build configuration list for PBXNativeTarget "Runtime" */ = {
			isa = XCConfigurationList;
			buildConfigurations = (
				0512E56020A54E3B00CB4D50 /* Debug */,
				0512E56120A54E3B00CB4D50 /* Release */,
			);
			defaultConfigurationIsVisible = 0;
			defaultConfigurationName = Release;
		};
/* End XCConfigurationList section */
	};
	rootObject = 0512E54120A54E3A00CB4D50 /* Project object */;
}
